// !$*UTF8*$!
{
	archiveVersion = 1;
	classes = {
	};
	objectVersion = 48;
	objects = {

/* Begin PBXBuildFile section */
		6322A76B1FF9FB3B00E676EE /* Item.swift in Sources */ = {isa = PBXBuildFile; fileRef = 6322A76A1FF9FB3B00E676EE /* Item.swift */; };
		63401F581FF99E7400AD6A2C /* AppDelegate.swift in Sources */ = {isa = PBXBuildFile; fileRef = 63401F571FF99E7400AD6A2C /* AppDelegate.swift */; };
		63401F5A1FF99E7400AD6A2C /* TodoListViewController.swift in Sources */ = {isa = PBXBuildFile; fileRef = 63401F591FF99E7400AD6A2C /* TodoListViewController.swift */; };
		63401F5D1FF99E7400AD6A2C /* Main.storyboard in Resources */ = {isa = PBXBuildFile; fileRef = 63401F5B1FF99E7400AD6A2C /* Main.storyboard */; };
		63401F5F1FF99E7400AD6A2C /* Assets.xcassets in Resources */ = {isa = PBXBuildFile; fileRef = 63401F5E1FF99E7400AD6A2C /* Assets.xcassets */; };
		63401F621FF99E7400AD6A2C /* LaunchScreen.storyboard in Resources */ = {isa = PBXBuildFile; fileRef = 63401F601FF99E7400AD6A2C /* LaunchScreen.storyboard */; };
		63DEB2101FFB4DD6004B8F11 /* LaunchScreen.storyboard in Resources */ = {isa = PBXBuildFile; fileRef = 63DEB20E1FFB4DD6004B8F11 /* LaunchScreen.storyboard */; };
		63DEB2111FFB4DD6004B8F11 /* SKINNO.png in Resources */ = {isa = PBXBuildFile; fileRef = 63DEB20F1FFB4DD6004B8F11 /* SKINNO.png */; };
/* End PBXBuildFile section */

/* Begin PBXFileReference section */
		6322A76A1FF9FB3B00E676EE /* Item.swift */ = {isa = PBXFileReference; lastKnownFileType = sourcecode.swift; path = Item.swift; sourceTree = "<group>"; };
		63401F541FF99E7400AD6A2C /* DavesToDo.app */ = {isa = PBXFileReference; explicitFileType = wrapper.application; includeInIndex = 0; path = DavesToDo.app; sourceTree = BUILT_PRODUCTS_DIR; };
		63401F571FF99E7400AD6A2C /* AppDelegate.swift */ = {isa = PBXFileReference; lastKnownFileType = sourcecode.swift; path = AppDelegate.swift; sourceTree = "<group>"; };
		63401F591FF99E7400AD6A2C /* TodoListViewController.swift */ = {isa = PBXFileReference; lastKnownFileType = sourcecode.swift; path = TodoListViewController.swift; sourceTree = "<group>"; };
		63401F5C1FF99E7400AD6A2C /* Base */ = {isa = PBXFileReference; lastKnownFileType = file.storyboard; name = Base; path = Base.lproj/Main.storyboard; sourceTree = "<group>"; };
		63401F5E1FF99E7400AD6A2C /* Assets.xcassets */ = {isa = PBXFileReference; lastKnownFileType = folder.assetcatalog; path = Assets.xcassets; sourceTree = "<group>"; };
		63401F611FF99E7400AD6A2C /* Base */ = {isa = PBXFileReference; lastKnownFileType = file.storyboard; name = Base; path = Base.lproj/LaunchScreen.storyboard; sourceTree = "<group>"; };
		63401F631FF99E7400AD6A2C /* Info.plist */ = {isa = PBXFileReference; lastKnownFileType = text.plist.xml; path = Info.plist; sourceTree = "<group>"; };
		63DEB20E1FFB4DD6004B8F11 /* LaunchScreen.storyboard */ = {isa = PBXFileReference; fileEncoding = 4; lastKnownFileType = file.storyboard; path = LaunchScreen.storyboard; sourceTree = "<group>"; };
		63DEB20F1FFB4DD6004B8F11 /* SKINNO.png */ = {isa = PBXFileReference; lastKnownFileType = image.png; path = SKINNO.png; sourceTree = "<group>"; };
/* End PBXFileReference section */

/* Begin PBXFrameworksBuildPhase section */
		63401F511FF99E7400AD6A2C /* Frameworks */ = {
			isa = PBXFrameworksBuildPhase;
			buildActionMask = 2147483647;
			files = (
			);
			runOnlyForDeploymentPostprocessing = 0;
		};
/* End PBXFrameworksBuildPhase section */

/* Begin PBXGroup section */
		6322A76C1FF9FB4300E676EE /* Data Model */ = {
			isa = PBXGroup;
			children = (
				6322A76A1FF9FB3B00E676EE /* Item.swift */,
			);
			path = "Data Model";
			sourceTree = "<group>";
		};
		6322A76D1FF9FB5E00E676EE /* Controllers */ = {
			isa = PBXGroup;
			children = (
				63401F591FF99E7400AD6A2C /* TodoListViewController.swift */,
			);
			path = Controllers;
			sourceTree = "<group>";
		};
		6322A76E1FF9FB8500E676EE /* Views */ = {
			isa = PBXGroup;
			children = (
				63401F5B1FF99E7400AD6A2C /* Main.storyboard */,
			);
			path = Views;
			sourceTree = "<group>";
		};
		6322A76F1FF9FB9E00E676EE /* Supporting Files */ = {
			isa = PBXGroup;
			children = (
				63DEB20E1FFB4DD6004B8F11 /* LaunchScreen.storyboard */,
				63DEB20F1FFB4DD6004B8F11 /* SKINNO.png */,
				63401F5E1FF99E7400AD6A2C /* Assets.xcassets */,
				63401F601FF99E7400AD6A2C /* LaunchScreen.storyboard */,
			);
			path = "Supporting Files";
			sourceTree = "<group>";
		};
		63401F4B1FF99E7400AD6A2C = {
			isa = PBXGroup;
			children = (
				63401F561FF99E7400AD6A2C /* DavesToDo */,
				63401F551FF99E7400AD6A2C /* Products */,
			);
			sourceTree = "<group>";
		};
		63401F551FF99E7400AD6A2C /* Products */ = {
			isa = PBXGroup;
			children = (
				63401F541FF99E7400AD6A2C /* DavesToDo.app */,
			);
			name = Products;
			sourceTree = "<group>";
		};
		63401F561FF99E7400AD6A2C /* DavesToDo */ = {
			isa = PBXGroup;
			children = (
				63401F571FF99E7400AD6A2C /* AppDelegate.swift */,
				6322A76D1FF9FB5E00E676EE /* Controllers */,
				6322A76C1FF9FB4300E676EE /* Data Model */,
				6322A76E1FF9FB8500E676EE /* Views */,
				6322A76F1FF9FB9E00E676EE /* Supporting Files */,
				63401F631FF99E7400AD6A2C /* Info.plist */,
			);
			path = DavesToDo;
			sourceTree = "<group>";
		};
/* End PBXGroup section */

/* Begin PBXNativeTarget section */
		63401F531FF99E7400AD6A2C /* DavesToDo */ = {
			isa = PBXNativeTarget;
			buildConfigurationList = 63401F661FF99E7400AD6A2C /* Build configuration list for PBXNativeTarget "DavesToDo" */;
			buildPhases = (
				63401F501FF99E7400AD6A2C /* Sources */,
				63401F511FF99E7400AD6A2C /* Frameworks */,
				63401F521FF99E7400AD6A2C /* Resources */,
			);
			buildRules = (
			);
			dependencies = (
			);
			name = DavesToDo;
			productName = DavesToDo;
			productReference = 63401F541FF99E7400AD6A2C /* DavesToDo.app */;
			productType = "com.apple.product-type.application";
		};
/* End PBXNativeTarget section */

/* Begin PBXProject section */
		63401F4C1FF99E7400AD6A2C /* Project object */ = {
			isa = PBXProject;
			attributes = {
				LastSwiftUpdateCheck = 0920;
				LastUpgradeCheck = 0920;
				ORGANIZATIONNAME = "David Murphy";
				TargetAttributes = {
					63401F531FF99E7400AD6A2C = {
						CreatedOnToolsVersion = 9.2;
						ProvisioningStyle = Automatic;
					};
				};
			};
			buildConfigurationList = 63401F4F1FF99E7400AD6A2C /* Build configuration list for PBXProject "DavesToDo" */;
			compatibilityVersion = "Xcode 8.0";
			developmentRegion = en;
			hasScannedForEncodings = 0;
			knownRegions = (
				en,
				Base,
			);
			mainGroup = 63401F4B1FF99E7400AD6A2C;
			productRefGroup = 63401F551FF99E7400AD6A2C /* Products */;
			projectDirPath = "";
			projectRoot = "";
			targets = (
				63401F531FF99E7400AD6A2C /* DavesToDo */,
			);
		};
/* End PBXProject section */

/* Begin PBXResourcesBuildPhase section */
		63401F521FF99E7400AD6A2C /* Resources */ = {
			isa = PBXResourcesBuildPhase;
			buildActionMask = 2147483647;
			files = (
				63DEB2111FFB4DD6004B8F11 /* SKINNO.png in Resources */,
				63401F621FF99E7400AD6A2C /* LaunchScreen.storyboard in Resources */,
				63DEB2101FFB4DD6004B8F11 /* LaunchScreen.storyboard in Resources */,
				63401F5F1FF99E7400AD6A2C /* Assets.xcassets in Resources */,
				63401F5D1FF99E7400AD6A2C /* Main.storyboard in Resources */,
			);
			runOnlyForDeploymentPostprocessing = 0;
		};
/* End PBXResourcesBuildPhase section */

/* Begin PBXSourcesBuildPhase section */
		63401F501FF99E7400AD6A2C /* Sources */ = {
			isa = PBXSourcesBuildPhase;
			buildActionMask = 2147483647;
			files = (
				63401F5A1FF99E7400AD6A2C /* TodoListViewController.swift in Sources */,
				6322A76B1FF9FB3B00E676EE /* Item.swift in Sources */,
				63401F581FF99E7400AD6A2C /* AppDelegate.swift in Sources */,
			);
			runOnlyForDeploymentPostprocessing = 0;
		};
/* End PBXSourcesBuildPhase section */

/* Begin PBXVariantGroup section */
		63401F5B1FF99E7400AD6A2C /* Main.storyboard */ = {
			isa = PBXVariantGroup;
			children = (
				63401F5C1FF99E7400AD6A2C /* Base */,
			);
			name = Main.storyboard;
			sourceTree = "<group>";
		};
		63401F601FF99E7400AD6A2C /* LaunchScreen.storyboard */ = {
			isa = PBXVariantGroup;
			children = (
				63401F611FF99E7400AD6A2C /* Base */,
			);
			name = LaunchScreen.storyboard;
			sourceTree = "<group>";
		};
/* End PBXVariantGroup section */

/* Begin XCBuildConfiguration section */
		63401F641FF99E7400AD6A2C /* Debug */ = {
			isa = XCBuildConfiguration;
			buildSettings = {
				ALWAYS_SEARCH_USER_PATHS = NO;
				CLANG_ANALYZER_NONNULL = YES;
				CLANG_ANALYZER_NUMBER_OBJECT_CONVERSION = YES_AGGRESSIVE;
				CLANG_CXX_LANGUAGE_STANDARD = "gnu++14";
				CLANG_CXX_LIBRARY = "libc++";
				CLANG_ENABLE_MODULES = YES;
				CLANG_ENABLE_OBJC_ARC = YES;
				CLANG_WARN_BLOCK_CAPTURE_AUTORELEASING = YES;
				CLANG_WARN_BOOL_CONVERSION = YES;
				CLANG_WARN_COMMA = YES;
				CLANG_WARN_CONSTANT_CONVERSION = YES;
				CLANG_WARN_DIRECT_OBJC_ISA_USAGE = YES_ERROR;
				CLANG_WARN_DOCUMENTATION_COMMENTS = YES;
				CLANG_WARN_EMPTY_BODY = YES;
				CLANG_WARN_ENUM_CONVERSION = YES;
				CLANG_WARN_INFINITE_RECURSION = YES;
				CLANG_WARN_INT_CONVERSION = YES;
				CLANG_WARN_NON_LITERAL_NULL_CONVERSION = YES;
				CLANG_WARN_OBJC_LITERAL_CONVERSION = YES;
				CLANG_WARN_OBJC_ROOT_CLASS = YES_ERROR;
				CLANG_WARN_RANGE_LOOP_ANALYSIS = YES;
				CLANG_WARN_STRICT_PROTOTYPES = YES;
				CLANG_WARN_SUSPICIOUS_MOVE = YES;
				CLANG_WARN_UNGUARDED_AVAILABILITY = YES_AGGRESSIVE;
				CLANG_WARN_UNREACHABLE_CODE = YES;
				CLANG_WARN__DUPLICATE_METHOD_MATCH = YES;
				CODE_SIGN_IDENTITY = "iPhone Developer";
				COPY_PHASE_STRIP = NO;
				DEBUG_INFORMATION_FORMAT = dwarf;
				ENABLE_STRICT_OBJC_MSGSEND = YES;
				ENABLE_TESTABILITY = YES;
				GCC_C_LANGUAGE_STANDARD = gnu11;
				GCC_DYNAMIC_NO_PIC = NO;
				GCC_NO_COMMON_BLOCKS = YES;
				GCC_OPTIMIZATION_LEVEL = 0;
				GCC_PREPROCESSOR_DEFINITIONS = (
					"DEBUG=1",
					"$(inherited)",
				);
				GCC_WARN_64_TO_32_BIT_CONVERSION = YES;
				GCC_WARN_ABOUT_RETURN_TYPE = YES_ERROR;
				GCC_WARN_UNDECLARED_SELECTOR = YES;
				GCC_WARN_UNINITIALIZED_AUTOS = YES_AGGRESSIVE;
				GCC_WARN_UNUSED_FUNCTION = YES;
				GCC_WARN_UNUSED_VARIABLE = YES;
				IPHONEOS_DEPLOYMENT_TARGET = 11.2;
				MTL_ENABLE_DEBUG_INFO = YES;
				ONLY_ACTIVE_ARCH = YES;
				SDKROOT = iphoneos;
				SWIFT_ACTIVE_COMPILATION_CONDITIONS = DEBUG;
				SWIFT_OPTIMIZATION_LEVEL = "-Onone";
			};
			name = Debug;
		};
		63401F651FF99E7400AD6A2C /* Release */ = {
			isa = XCBuildConfiguration;
			buildSettings = {
				ALWAYS_SEARCH_USER_PATHS = NO;
				CLANG_ANALYZER_NONNULL = YES;
				CLANG_ANALYZER_NUMBER_OBJECT_CONVERSION = YES_AGGRESSIVE;
				CLANG_CXX_LANGUAGE_STANDARD = "gnu++14";
				CLANG_CXX_LIBRARY = "libc++";
				CLANG_ENABLE_MODULES = YES;
				CLANG_ENABLE_OBJC_ARC = YES;
				CLANG_WARN_BLOCK_CAPTURE_AUTORELEASING = YES;
				CLANG_WARN_BOOL_CONVERSION = YES;
				CLANG_WARN_COMMA = YES;
				CLANG_WARN_CONSTANT_CONVERSION = YES;
				CLANG_WARN_DIRECT_OBJC_ISA_USAGE = YES_ERROR;
				CLANG_WARN_DOCUMENTATION_COMMENTS = YES;
				CLANG_WARN_EMPTY_BODY = YES;
				CLANG_WARN_ENUM_CONVERSION = YES;
				CLANG_WARN_INFINITE_RECURSION = YES;
				CLANG_WARN_INT_CONVERSION = YES;
				CLANG_WARN_NON_LITERAL_NULL_CONVERSION = YES;
				CLANG_WARN_OBJC_LITERAL_CONVERSION = YES;
				CLANG_WARN_OBJC_ROOT_CLASS = YES_ERROR;
				CLANG_WARN_RANGE_LOOP_ANALYSIS = YES;
				CLANG_WARN_STRICT_PROTOTYPES = YES;
				CLANG_WARN_SUSPICIOUS_MOVE = YES;
				CLANG_WARN_UNGUARDED_AVAILABILITY = YES_AGGRESSIVE;
				CLANG_WARN_UNREACHABLE_CODE = YES;
				CLANG_WARN__DUPLICATE_METHOD_MATCH = YES;
				CODE_SIGN_IDENTITY = "iPhone Developer";
				COPY_PHASE_STRIP = NO;
				DEBUG_INFORMATION_FORMAT = "dwarf-with-dsym";
				ENABLE_NS_ASSERTIONS = NO;
				ENABLE_STRICT_OBJC_MSGSEND = YES;
				GCC_C_LANGUAGE_STANDARD = gnu11;
				GCC_NO_COMMON_BLOCKS = YES;
				GCC_WARN_64_TO_32_BIT_CONVERSION = YES;
				GCC_WARN_ABOUT_RETURN_TYPE = YES_ERROR;
				GCC_WARN_UNDECLARED_SELECTOR = YES;
				GCC_WARN_UNINITIALIZED_AUTOS = YES_AGGRESSIVE;
				GCC_WARN_UNUSED_FUNCTION = YES;
				GCC_WARN_UNUSED_VARIABLE = YES;
				IPHONEOS_DEPLOYMENT_TARGET = 11.2;
				MTL_ENABLE_DEBUG_INFO = NO;
				SDKROOT = iphoneos;
				SWIFT_OPTIMIZATION_LEVEL = "-Owholemodule";
				VALIDATE_PRODUCT = YES;
			};
			name = Release;
		};
		63401F671FF99E7400AD6A2C /* Debug */ = {
			isa = XCBuildConfiguration;
			buildSettings = {
				ASSETCATALOG_COMPILER_APPICON_NAME = AppIcon;
				CODE_SIGN_STYLE = Automatic;
				DEVELOPMENT_TEAM = W6AA4U45PD;
				INFOPLIST_FILE = DavesToDo/Info.plist;
				IPHONEOS_DEPLOYMENT_TARGET = 9.3;
				LD_RUNPATH_SEARCH_PATHS = "$(inherited) @executable_path/Frameworks";
				PRODUCT_BUNDLE_IDENTIFIER = com.DavidMurphy.DavesToDo;
				PRODUCT_NAME = "$(TARGET_NAME)";
				SWIFT_VERSION = 4.0;
				TARGETED_DEVICE_FAMILY = "1,2";
			};
			name = Debug;
		};
		63401F681FF99E7400AD6A2C /* Release */ = {
			isa = XCBuildConfiguration;
			buildSettings = {
				ASSETCATALOG_COMPILER_APPICON_NAME = AppIcon;
				CODE_SIGN_STYLE = Automatic;
				DEVELOPMENT_TEAM = W6AA4U45PD;
				INFOPLIST_FILE = DavesToDo/Info.plist;
				IPHONEOS_DEPLOYMENT_TARGET = 9.3;
				LD_RUNPATH_SEARCH_PATHS = "$(inherited) @executable_path/Frameworks";
				PRODUCT_BUNDLE_IDENTIFIER = com.DavidMurphy.DavesToDo;
				PRODUCT_NAME = "$(TARGET_NAME)";
				SWIFT_VERSION = 4.0;
				TARGETED_DEVICE_FAMILY = "1,2";
			};
			name = Release;
		};
/* End XCBuildConfiguration section */

/* Begin XCConfigurationList section */
		63401F4F1FF99E7400AD6A2C /* Build configuration list for PBXProject "DavesToDo" */ = {
			isa = XCConfigurationList;
			buildConfigurations = (
				63401F641FF99E7400AD6A2C /* Debug */,
				63401F651FF99E7400AD6A2C /* Release */,
			);
			defaultConfigurationIsVisible = 0;
			defaultConfigurationName = Release;
		};
		63401F661FF99E7400AD6A2C /* Build configuration list for PBXNativeTarget "DavesToDo" */ = {
			isa = XCConfigurationList;
			buildConfigurations = (
				63401F671FF99E7400AD6A2C /* Debug */,
				63401F681FF99E7400AD6A2C /* Release */,
			);
			defaultConfigurationIsVisible = 0;
			defaultConfigurationName = Release;
		};
/* End XCConfigurationList section */
	};
	rootObject = 63401F4C1FF99E7400AD6A2C /* Project object */;
}
